
Microsoft Visual Studio Solution File, Format Version 12.00
# Visual Studio 2012
Project("{FAE04EC0-301F-11D3-BF4B-00C04F79EFBC}") = "Project UTS ASP.Net (2203040162)", "Project UTS ASP.Net (2203040162)\Project UTS ASP.Net (2203040162).csproj", "{7ADE623F-B2E8-443C-B25B-8598B232BDA6}"
EndProject
Global
	GlobalSection(SolutionConfigurationPlatforms) = preSolution
		Debug|Any CPU = Debug|Any CPU
		Release|Any CPU = Release|Any CPU
	EndGlobalSection
	GlobalSection(ProjectConfigurationPlatforms) = postSolution
		{7ADE623F-B2E8-443C-B25B-8598B232BDA6}.Debug|Any CPU.ActiveCfg = Debug|Any CPU
		{7ADE623F-B2E8-443C-B25B-8598B232BDA6}.Debug|Any CPU.Build.0 = Debug|Any CPU
		{7ADE623F-B2E8-443C-B25B-8598B232BDA6}.Release|Any CPU.ActiveCfg = Release|Any CPU
		{7ADE623F-B2E8-443C-B25B-8598B232BDA6}.Release|Any CPU.Build.0 = Release|Any CPU
	EndGlobalSection
	GlobalSection(SolutionProperties) = preSolution
		HideSolutionNode = FALSE
	EndGlobalSection
EndGlobal
